
Microsoft Visual Studio Solution File, Format Version 12.00
# Visual Studio 15
Project("{FAE04EC0-301F-11D3-BF4B-00C04F79EFBC}") = "Assembly-CSharp", "Assembly-CSharp.csproj", "{3AEC89E8-566B-44EC-2F12-A8361B02D973}"
EndProject
Project("{FAE04EC0-301F-11D3-BF4B-00C04F79EFBC}") = "Assembly-CSharp-Editor", "Assembly-CSharp-Editor.csproj", "{80462232-ED8B-A746-F41C-D261DEE5546C}"
EndProject
Global
	GlobalSection(SolutionConfigurationPlatforms) = preSolution
		Debug|Any CPU = Debug|Any CPU
		Release|Any CPU = Release|Any CPU
	EndGlobalSection
	GlobalSection(ProjectConfigurationPlatforms) = postSolution
		{3AEC89E8-566B-44EC-2F12-A8361B02D973}.Debug|Any CPU.ActiveCfg = Debug|Any CPU
		{3AEC89E8-566B-44EC-2F12-A8361B02D973}.Debug|Any CPU.Build.0 = Debug|Any CPU
		{3AEC89E8-566B-44EC-2F12-A8361B02D973}.Release|Any CPU.ActiveCfg = Release|Any CPU
		{3AEC89E8-566B-44EC-2F12-A8361B02D973}.Release|Any CPU.Build.0 = Release|Any CPU
		{80462232-ED8B-A746-F41C-D261DEE5546C}.Debug|Any CPU.ActiveCfg = Debug|Any CPU
		{80462232-ED8B-A746-F41C-D261DEE5546C}.Debug|Any CPU.Build.0 = Debug|Any CPU
		{80462232-ED8B-A746-F41C-D261DEE5546C}.Release|Any CPU.ActiveCfg = Release|Any CPU
		{80462232-ED8B-A746-F41C-D261DEE5546C}.Release|Any CPU.Build.0 = Release|Any CPU
	EndGlobalSection
	GlobalSection(SolutionProperties) = preSolution
		HideSolutionNode = FALSE
	EndGlobalSection
EndGlobal
